{
  "lockfile_version": "1",
  "packages": {
    "github:NixOS/nixpkgs/nixpkgs-unstable": {
      "resolved": "github:NixOS/nixpkgs/632f04521e847173c54fa72973ec6c39a371211c?lastModified=1739863612&narHash=sha256-UbtgxplOhFcyjBcNbTVO8%2BHUHAl%2FWXFDOb6LvqShiZo%3D"
    },
    "ruby_3_3@latest": {
      "last_modified": "2024-09-10T15:01:03Z",
      "plugin_version": "0.0.2",
      "resolved": "github:NixOS/nixpkgs/5ed627539ac84809c78b2dd6d26a5cebeb5ae269#ruby",
      "source": "devbox-search",
      "version": "3.3.4",
      "systems": {
        "aarch64-darwin": {
          "outputs": [
            {
              "name": "out",
              "path": "/nix/store/zsngi7cq7asxc6kb0lcmbyydasfrmai6-ruby-3.3.4",
              "default": true
            },
            {
              "name": "devdoc",
              "path": "/nix/store/c0zmjmfw5pp00slwy842bd8zzy74pava-ruby-3.3.4-devdoc"
            }
          ],
          "store_path": "/nix/store/zsngi7cq7asxc6kb0lcmbyydasfrmai6-ruby-3.3.4"
        },
        "aarch64-linux": {
          "outputs": [
            {
              "name": "out",
              "path": "/nix/store/8vri7d6b75gspvnfrdpqnagfi5bbvis9-ruby-3.3.4",
              "default": true
            },
            {
              "name": "devdoc",
              "path": "/nix/store/bfrwr1n6pxd3hz31h589j317g290p0r5-ruby-3.3.4-devdoc"
            }
          ],
          "store_path": "/nix/store/8vri7d6b75gspvnfrdpqnagfi5bbvis9-ruby-3.3.4"
        },
        "x86_64-darwin": {
          "outputs": [
            {
              "name": "out",
              "path": "/nix/store/hksac0axpx3savrgmy75rid3smv0d9nj-ruby-3.3.4",
              "default": true
            },
            {
              "name": "devdoc",
              "path": "/nix/store/3564jxjgp9dk8vzjwb7i3fpzkpw74z3m-ruby-3.3.4-devdoc"
            }
          ],
          "store_path": "/nix/store/hksac0axpx3savrgmy75rid3smv0d9nj-ruby-3.3.4"
        },
        "x86_64-linux": {
          "outputs": [
            {
              "name": "out",
              "path": "/nix/store/2vg3asd3rmhng3wqvp781a1q5dhrr4yn-ruby-3.3.4",
              "default": true
            },
            {
              "name": "devdoc",
              "path": "/nix/store/2vgrf69lcz8ipawxipza3w7gsqdnbbnk-ruby-3.3.4-devdoc"
            }
          ],
          "store_path": "/nix/store/2vg3asd3rmhng3wqvp781a1q5dhrr4yn-ruby-3.3.4"
        }
      }
    }
  }
}
